
Microsoft Visual Studio Solution File, Format Version 12.00
# Visual Studio Version 17
VisualStudioVersion = 17.8.34309.116
MinimumVisualStudioVersion = 10.0.40219.1
Project("{9A19103F-16F7-4668-BE54-9A1E7A4F7556}") = "LeafletPoc", "LeafletPoc\LeafletPoc.csproj", "{3D96D9DB-C4D8-4E5D-B8C8-F5A1761747E4}"
EndProject
Project("{9A19103F-16F7-4668-BE54-9A1E7A4F7556}") = "LeafletPoc.Client", "LeafletPoc.Client\LeafletPoc.Client.csproj", "{319C7D25-F2E7-4D9B-997D-F9A7AE0B9048}"
EndProject
Global
	GlobalSection(SolutionConfigurationPlatforms) = preSolution
		Debug|Any CPU = Debug|Any CPU
		Release|Any CPU = Release|Any CPU
	EndGlobalSection
	GlobalSection(ProjectConfigurationPlatforms) = postSolution
		{3D96D9DB-C4D8-4E5D-B8C8-F5A1761747E4}.Debug|Any CPU.ActiveCfg = Debug|Any CPU
		{3D96D9DB-C4D8-4E5D-B8C8-F5A1761747E4}.Debug|Any CPU.Build.0 = Debug|Any CPU
		{3D96D9DB-C4D8-4E5D-B8C8-F5A1761747E4}.Release|Any CPU.ActiveCfg = Release|Any CPU
		{3D96D9DB-C4D8-4E5D-B8C8-F5A1761747E4}.Release|Any CPU.Build.0 = Release|Any CPU
		{319C7D25-F2E7-4D9B-997D-F9A7AE0B9048}.Debug|Any CPU.ActiveCfg = Debug|Any CPU
		{319C7D25-F2E7-4D9B-997D-F9A7AE0B9048}.Debug|Any CPU.Build.0 = Debug|Any CPU
		{319C7D25-F2E7-4D9B-997D-F9A7AE0B9048}.Release|Any CPU.ActiveCfg = Release|Any CPU
		{319C7D25-F2E7-4D9B-997D-F9A7AE0B9048}.Release|Any CPU.Build.0 = Release|Any CPU
	EndGlobalSection
	GlobalSection(SolutionProperties) = preSolution
		HideSolutionNode = FALSE
	EndGlobalSection
	GlobalSection(ExtensibilityGlobals) = postSolution
		SolutionGuid = {5BDA471C-FE8E-4142-B735-C7CA63418C5A}
	EndGlobalSection
EndGlobal
